
Microsoft Visual Studio Solution File, Format Version 12.00
# Visual Studio 15
VisualStudioVersion = 15.0.27004.2009
MinimumVisualStudioVersion = 10.0.40219.1
Project("{FAE04EC0-301F-11D3-BF4B-00C04F79EFBC}") = "SE-4220_HW3-WPF", "SE-4220_HW3-WPF\SE-4220_HW3-WPF.csproj", "{D8905BCD-F204-470C-A2C6-2E484B400239}"
EndProject
Global
	GlobalSection(SolutionConfigurationPlatforms) = preSolution
		Debug|Any CPU = Debug|Any CPU
		Release|Any CPU = Release|Any CPU
	EndGlobalSection
	GlobalSection(ProjectConfigurationPlatforms) = postSolution
		{D8905BCD-F204-470C-A2C6-2E484B400239}.Debug|Any CPU.ActiveCfg = Debug|Any CPU
		{D8905BCD-F204-470C-A2C6-2E484B400239}.Debug|Any CPU.Build.0 = Debug|Any CPU
		{D8905BCD-F204-470C-A2C6-2E484B400239}.Release|Any CPU.ActiveCfg = Release|Any CPU
		{D8905BCD-F204-470C-A2C6-2E484B400239}.Release|Any CPU.Build.0 = Release|Any CPU
	EndGlobalSection
	GlobalSection(SolutionProperties) = preSolution
		HideSolutionNode = FALSE
	EndGlobalSection
	GlobalSection(ExtensibilityGlobals) = postSolution
		SolutionGuid = {BC65F858-FBF8-4F1E-86D2-E8E7473D86CE}
	EndGlobalSection
EndGlobal
